
Microsoft Visual Studio Solution File, Format Version 11.00
# Visual Studio 2010
Project("{FAE04EC0-301F-11D3-BF4B-00C04F79EFBC}") = "WpfApplication01", "WpfApplication01\WpfApplication01.csproj", "{34AB6D2A-6474-43ED-BE7F-16097FBBCB6C}"
EndProject
Global
	GlobalSection(SolutionConfigurationPlatforms) = preSolution
		Debug|x86 = Debug|x86
		Release|x86 = Release|x86
	EndGlobalSection
	GlobalSection(ProjectConfigurationPlatforms) = postSolution
		{34AB6D2A-6474-43ED-BE7F-16097FBBCB6C}.Debug|x86.ActiveCfg = Debug|x86
		{34AB6D2A-6474-43ED-BE7F-16097FBBCB6C}.Debug|x86.Build.0 = Debug|x86
		{34AB6D2A-6474-43ED-BE7F-16097FBBCB6C}.Release|x86.ActiveCfg = Release|x86
		{34AB6D2A-6474-43ED-BE7F-16097FBBCB6C}.Release|x86.Build.0 = Release|x86
	EndGlobalSection
	GlobalSection(SolutionProperties) = preSolution
		HideSolutionNode = FALSE
	EndGlobalSection
EndGlobal
